
Microsoft Visual Studio Solution File, Format Version 12.00
# Visual Studio Version 16
VisualStudioVersion = 16.0.32126.315
MinimumVisualStudioVersion = 10.0.40219.1
Project("{FAE04EC0-301F-11D3-BF4B-00C04F79EFBC}") = "TareaS1CotizadorCripto_034519", "TareaS1CotizadorCripto_034519\TareaS1CotizadorCripto_034519.csproj", "{966456E5-4741-462F-B6BA-5318A232476E}"
EndProject
Global
	GlobalSection(SolutionConfigurationPlatforms) = preSolution
		Debug|Any CPU = Debug|Any CPU
		Release|Any CPU = Release|Any CPU
	EndGlobalSection
	GlobalSection(ProjectConfigurationPlatforms) = postSolution
		{966456E5-4741-462F-B6BA-5318A232476E}.Debug|Any CPU.ActiveCfg = Debug|Any CPU
		{966456E5-4741-462F-B6BA-5318A232476E}.Debug|Any CPU.Build.0 = Debug|Any CPU
		{966456E5-4741-462F-B6BA-5318A232476E}.Release|Any CPU.ActiveCfg = Release|Any CPU
		{966456E5-4741-462F-B6BA-5318A232476E}.Release|Any CPU.Build.0 = Release|Any CPU
	EndGlobalSection
	GlobalSection(SolutionProperties) = preSolution
		HideSolutionNode = FALSE
	EndGlobalSection
	GlobalSection(ExtensibilityGlobals) = postSolution
		SolutionGuid = {41319A47-A975-4E0A-A774-E99C7B040677}
	EndGlobalSection
EndGlobal
